
Microsoft Visual Studio Solution File, Format Version 12.00
# Visual Studio Version 17
VisualStudioVersion = 17.10.34928.147
MinimumVisualStudioVersion = 10.0.40219.1
Project("{FAE04EC0-301F-11D3-BF4B-00C04F79EFBC}") = "SolaceWebClient", "SolaceWebClient.csproj", "{D568E04A-2928-4E99-9B4A-FACB7FFD137B}"
EndProject
Global
	GlobalSection(SolutionConfigurationPlatforms) = preSolution
		Debug|Any CPU = Debug|Any CPU
		Release|Any CPU = Release|Any CPU
	EndGlobalSection
	GlobalSection(ProjectConfigurationPlatforms) = postSolution
		{D568E04A-2928-4E99-9B4A-FACB7FFD137B}.Debug|Any CPU.ActiveCfg = Debug|Any CPU
		{D568E04A-2928-4E99-9B4A-FACB7FFD137B}.Debug|Any CPU.Build.0 = Debug|Any CPU
		{D568E04A-2928-4E99-9B4A-FACB7FFD137B}.Release|Any CPU.ActiveCfg = Release|Any CPU
		{D568E04A-2928-4E99-9B4A-FACB7FFD137B}.Release|Any CPU.Build.0 = Release|Any CPU
	EndGlobalSection
	GlobalSection(SolutionProperties) = preSolution
		HideSolutionNode = FALSE
	EndGlobalSection
	GlobalSection(ExtensibilityGlobals) = postSolution
		SolutionGuid = {B900A223-7B56-4B63-9533-276627AFE57E}
	EndGlobalSection
EndGlobal
